
Microsoft Visual Studio Solution File, Format Version 12.00
# Visual Studio Version 16
VisualStudioVersion = 16.0.32106.194
MinimumVisualStudioVersion = 10.0.40219.1
Project("{FAE04EC0-301F-11D3-BF4B-00C04F79EFBC}") = "NetworkProtocolAnalyzer", "NetworkProtocolAnalyzer\NetworkProtocolAnalyzer.csproj", "{BFAFFFBD-981C-48EF-848C-EBBA319E0A58}"
EndProject
Global
	GlobalSection(SolutionConfigurationPlatforms) = preSolution
		Debug|Any CPU = Debug|Any CPU
		Release|Any CPU = Release|Any CPU
	EndGlobalSection
	GlobalSection(ProjectConfigurationPlatforms) = postSolution
		{BFAFFFBD-981C-48EF-848C-EBBA319E0A58}.Debug|Any CPU.ActiveCfg = Debug|Any CPU
		{BFAFFFBD-981C-48EF-848C-EBBA319E0A58}.Debug|Any CPU.Build.0 = Debug|Any CPU
		{BFAFFFBD-981C-48EF-848C-EBBA319E0A58}.Release|Any CPU.ActiveCfg = Release|Any CPU
		{BFAFFFBD-981C-48EF-848C-EBBA319E0A58}.Release|Any CPU.Build.0 = Release|Any CPU
	EndGlobalSection
	GlobalSection(SolutionProperties) = preSolution
		HideSolutionNode = FALSE
	EndGlobalSection
	GlobalSection(ExtensibilityGlobals) = postSolution
		SolutionGuid = {0A4B9D47-4545-4C67-8745-05B1A404CE7D}
	EndGlobalSection
EndGlobal
